
Microsoft Visual Studio Solution File, Format Version 12.00
# Visual Studio Version 17
VisualStudioVersion = 17.13.35919.96 d17.13
MinimumVisualStudioVersion = 10.0.40219.1
Project("{FAE04EC0-301F-11D3-BF4B-00C04F79EFBC}") = "BanhKeo_Doan", "BanhKeo_Doan\BanhKeo_Doan.csproj", "{AA044E51-9AD1-42EB-9253-103E70BD13A1}"
EndProject
Global
	GlobalSection(SolutionConfigurationPlatforms) = preSolution
		Debug|Any CPU = Debug|Any CPU
		Release|Any CPU = Release|Any CPU
	EndGlobalSection
	GlobalSection(ProjectConfigurationPlatforms) = postSolution
		{AA044E51-9AD1-42EB-9253-103E70BD13A1}.Debug|Any CPU.ActiveCfg = Debug|Any CPU
		{AA044E51-9AD1-42EB-9253-103E70BD13A1}.Debug|Any CPU.Build.0 = Debug|Any CPU
		{AA044E51-9AD1-42EB-9253-103E70BD13A1}.Release|Any CPU.ActiveCfg = Release|Any CPU
		{AA044E51-9AD1-42EB-9253-103E70BD13A1}.Release|Any CPU.Build.0 = Release|Any CPU
	EndGlobalSection
	GlobalSection(SolutionProperties) = preSolution
		HideSolutionNode = FALSE
	EndGlobalSection
	GlobalSection(ExtensibilityGlobals) = postSolution
		SolutionGuid = {E80A8EDB-884F-46CF-B3D4-D6B4E0A0370D}
	EndGlobalSection
EndGlobal
